
Microsoft Visual Studio Solution File, Format Version 12.00
# Visual Studio Version 17
VisualStudioVersion = 17.4.33213.308
MinimumVisualStudioVersion = 10.0.40219.1
Project("{FAE04EC0-301F-11D3-BF4B-00C04F79EFBC}") = "ExerciseDataAccess.Service", "ExerciseDataAccess.Service\ExerciseDataAccess.Service.csproj", "{AEDCB8CC-65CE-4D01-A2B7-94DD32DC7867}"
EndProject
Global
	GlobalSection(SolutionConfigurationPlatforms) = preSolution
		Debug|Any CPU = Debug|Any CPU
		Release|Any CPU = Release|Any CPU
	EndGlobalSection
	GlobalSection(ProjectConfigurationPlatforms) = postSolution
		{AEDCB8CC-65CE-4D01-A2B7-94DD32DC7867}.Debug|Any CPU.ActiveCfg = Debug|Any CPU
		{AEDCB8CC-65CE-4D01-A2B7-94DD32DC7867}.Debug|Any CPU.Build.0 = Debug|Any CPU
		{AEDCB8CC-65CE-4D01-A2B7-94DD32DC7867}.Release|Any CPU.ActiveCfg = Release|Any CPU
		{AEDCB8CC-65CE-4D01-A2B7-94DD32DC7867}.Release|Any CPU.Build.0 = Release|Any CPU
	EndGlobalSection
	GlobalSection(SolutionProperties) = preSolution
		HideSolutionNode = FALSE
	EndGlobalSection
	GlobalSection(ExtensibilityGlobals) = postSolution
		SolutionGuid = {1DD1FC52-AFD1-47B5-8DCB-EE824790BD12}
	EndGlobalSection
EndGlobal
